
Microsoft Visual Studio Solution File, Format Version 12.00
# Visual Studio Version 16
VisualStudioVersion = 16.0.29409.12
MinimumVisualStudioVersion = 10.0.40219.1
Project("{FAE04EC0-301F-11D3-BF4B-00C04F79EFBC}") = "Switcher", "Switcher\Switcher.csproj", "{7735E3FD-94EE-4FF8-B801-7F53DE80AEF4}"
EndProject
Global
	GlobalSection(SolutionConfigurationPlatforms) = preSolution
		Debug|Any CPU = Debug|Any CPU
		Release|Any CPU = Release|Any CPU
	EndGlobalSection
	GlobalSection(ProjectConfigurationPlatforms) = postSolution
		{7735E3FD-94EE-4FF8-B801-7F53DE80AEF4}.Debug|Any CPU.ActiveCfg = Debug|Any CPU
		{7735E3FD-94EE-4FF8-B801-7F53DE80AEF4}.Debug|Any CPU.Build.0 = Debug|Any CPU
		{7735E3FD-94EE-4FF8-B801-7F53DE80AEF4}.Release|Any CPU.ActiveCfg = Release|Any CPU
		{7735E3FD-94EE-4FF8-B801-7F53DE80AEF4}.Release|Any CPU.Build.0 = Release|Any CPU
	EndGlobalSection
	GlobalSection(SolutionProperties) = preSolution
		HideSolutionNode = FALSE
	EndGlobalSection
	GlobalSection(ExtensibilityGlobals) = postSolution
		SolutionGuid = {05B08B2E-34AE-4E19-927F-4F2ACA5F5C94}
	EndGlobalSection
EndGlobal
